
Microsoft Visual Studio Solution File, Format Version 12.00
# Visual Studio Version 16
VisualStudioVersion = 16.0.31205.134
MinimumVisualStudioVersion = 10.0.40219.1
Project("{FAE04EC0-301F-11D3-BF4B-00C04F79EFBC}") = "ReentrantReadWriteLock", "ReentrantReadWriteLock\ReentrantReadWriteLock.csproj", "{12855B2D-3AF8-4C52-B53D-C76F85AEF3B5}"
EndProject
Global
	GlobalSection(SolutionConfigurationPlatforms) = preSolution
		Debug|Any CPU = Debug|Any CPU
		Release|Any CPU = Release|Any CPU
	EndGlobalSection
	GlobalSection(ProjectConfigurationPlatforms) = postSolution
		{12855B2D-3AF8-4C52-B53D-C76F85AEF3B5}.Debug|Any CPU.ActiveCfg = Debug|Any CPU
		{12855B2D-3AF8-4C52-B53D-C76F85AEF3B5}.Debug|Any CPU.Build.0 = Debug|Any CPU
		{12855B2D-3AF8-4C52-B53D-C76F85AEF3B5}.Release|Any CPU.ActiveCfg = Release|Any CPU
		{12855B2D-3AF8-4C52-B53D-C76F85AEF3B5}.Release|Any CPU.Build.0 = Release|Any CPU
	EndGlobalSection
	GlobalSection(SolutionProperties) = preSolution
		HideSolutionNode = FALSE
	EndGlobalSection
	GlobalSection(ExtensibilityGlobals) = postSolution
		SolutionGuid = {019E882A-7E9B-4E0B-95EB-83C35ED62E3D}
	EndGlobalSection
EndGlobal
